{
    "_meta": {
        "hash": {
            "sha256": "d1f0c4fc33e8514ea31008a9d3cea8ee34ed1c62e16bedbee2ced17ac10440a9"
        },
        "pipfile-spec": 6,
        "requires": {
            "python_version": "3.12"
        },
        "sources": [
            {
                "name": "pip_conf_index_global",
                "url": "https://mirrors.aliyun.com/pypi/simple",
                "verify_ssl": false
            }
        ]
    },
    "default": {},
    "develop": {}
}
